<?php

# Access Token
define('TOKEN', 'seu_token');

# E-mail
define('SMTP',	'smtp_host');
define('EMAIL',	'email_user');
define('PSWD',	'password');

# Telegram
define('TG_CHAT', 'chat_id_or_channel');
define('TG_TOKEN', 'telegram_token');
define('TG_WEBHOOK_URL', 'https://seu-dominio.com/webhook/index.php');
define('TG_WEBHOOK_SECRET', 'telegram_webhook_secret');

# OpenAI
define('OPENAI_API_KEY', 'openai_api_key');
define('OPENAI_MODEL', 'gpt-4o-mini');
