<?php

# Map

/**
 * Exemplo: pode se usar qualquer unidade de data entre os caracteres interpretados na convenção usada pelo PHP
*/

$map['example'] = [
	'i' => 0,	# Minuto 0
	'H' => 12,	# Às 12 horas
	'w' => 1,	# Dia da semana 0-7 (dom-dom)
	'm' => 1	# Mês
];

$map['all_time'] = []; # Pra executar todas as vezes, basta deixar vazio
